
Microsoft Visual Studio Solution File, Format Version 12.00
# Visual Studio Version 17
VisualStudioVersion = 17.14.36429.23
MinimumVisualStudioVersion = 10.0.40219.1
Project("{8BC9CEB8-8B4A-11D0-8D11-00A0C91BC942}") = "gamegraphics", "gamegraphics.vcxproj", "{E3F5F501-216F-480F-A244-097E6492755F}"
EndProject
Project("{8BC9CEB8-8B4A-11D0-8D11-00A0C91BC942}") = "Project3", "..\Project3\Project3.vcxproj", "{11101944-A3D6-4172-9D5B-BC8A87244878}"
EndProject
Global
	GlobalSection(SolutionConfigurationPlatforms) = preSolution
		Debug|x64 = Debug|x64
		Debug|x86 = Debug|x86
		Release|x64 = Release|x64
		Release|x86 = Release|x86
	EndGlobalSection
	GlobalSection(ProjectConfigurationPlatforms) = postSolution
		{E3F5F501-216F-480F-A244-097E6492755F}.Debug|x64.ActiveCfg = Debug|x64
		{E3F5F501-216F-480F-A244-097E6492755F}.Debug|x64.Build.0 = Debug|x64
		{E3F5F501-216F-480F-A244-097E6492755F}.Debug|x86.ActiveCfg = Debug|Win32
		{E3F5F501-216F-480F-A244-097E6492755F}.Debug|x86.Build.0 = Debug|Win32
		{E3F5F501-216F-480F-A244-097E6492755F}.Release|x64.ActiveCfg = Release|x64
		{E3F5F501-216F-480F-A244-097E6492755F}.Release|x64.Build.0 = Release|x64
		{E3F5F501-216F-480F-A244-097E6492755F}.Release|x86.ActiveCfg = Release|Win32
		{E3F5F501-216F-480F-A244-097E6492755F}.Release|x86.Build.0 = Release|Win32
		{11101944-A3D6-4172-9D5B-BC8A87244878}.Debug|x64.ActiveCfg = Debug|x64
		{11101944-A3D6-4172-9D5B-BC8A87244878}.Debug|x64.Build.0 = Debug|x64
		{11101944-A3D6-4172-9D5B-BC8A87244878}.Debug|x86.ActiveCfg = Debug|Win32
		{11101944-A3D6-4172-9D5B-BC8A87244878}.Debug|x86.Build.0 = Debug|Win32
		{11101944-A3D6-4172-9D5B-BC8A87244878}.Release|x64.ActiveCfg = Release|x64
		{11101944-A3D6-4172-9D5B-BC8A87244878}.Release|x64.Build.0 = Release|x64
		{11101944-A3D6-4172-9D5B-BC8A87244878}.Release|x86.ActiveCfg = Release|Win32
		{11101944-A3D6-4172-9D5B-BC8A87244878}.Release|x86.Build.0 = Release|Win32
	EndGlobalSection
	GlobalSection(SolutionProperties) = preSolution
		HideSolutionNode = FALSE
	EndGlobalSection
	GlobalSection(ExtensibilityGlobals) = postSolution
		SolutionGuid = {226A1F7C-383E-423B-AEBE-D17426C9D8EE}
	EndGlobalSection
EndGlobal
